
Microsoft Visual Studio Solution File, Format Version 12.00
# Visual Studio Version 18
VisualStudioVersion = 18.4.11605.240
MinimumVisualStudioVersion = 10.0.40219.1
Project("{FAE04EC0-301F-11D3-BF4B-00C04F79EFBC}") = "LiaNcc.FE", "LiaNcc.FE\LiaNcc.FE.csproj", "{0D3E15F8-0B7C-4F30-BE0D-E07ECD34FF7C}"
EndProject
Project("{FAE04EC0-301F-11D3-BF4B-00C04F79EFBC}") = "LiaNcc.WebAPI", "LiaNcc.WebAPI\LiaNcc.WebAPI.csproj", "{E6305905-89A8-4084-B7FD-8C6D3B89435A}"
EndProject
Project("{FAE04EC0-301F-11D3-BF4B-00C04F79EFBC}") = "LiaNcc.Models", "LiaNcc.Models\LiaNcc.Models.csproj", "{6C67EE02-5D12-4D04-AADC-B90395FC5731}"
EndProject
Project("{FAE04EC0-301F-11D3-BF4B-00C04F79EFBC}") = "LiaNcc.Repository", "LiaNcc.Repository\LiaNcc.Repository.csproj", "{8F8C1BCC-4EAF-45CA-A3F2-14BDFD3DC930}"
EndProject
Project("{FAE04EC0-301F-11D3-BF4B-00C04F79EFBC}") = "LiaNcc.BO", "LiaNcc.BO\LiaNcc.BO.csproj", "{77B8AD5C-3410-42F1-9FAE-97F5A87A7EF1}"
EndProject
Global
	GlobalSection(SolutionConfigurationPlatforms) = preSolution
		Debug|Any CPU = Debug|Any CPU
		Debug|x64 = Debug|x64
		Debug|x86 = Debug|x86
		Release|Any CPU = Release|Any CPU
		Release|x64 = Release|x64
		Release|x86 = Release|x86
	EndGlobalSection
	GlobalSection(ProjectConfigurationPlatforms) = postSolution
		{0D3E15F8-0B7C-4F30-BE0D-E07ECD34FF7C}.Debug|Any CPU.ActiveCfg = Debug|Any CPU
		{0D3E15F8-0B7C-4F30-BE0D-E07ECD34FF7C}.Debug|Any CPU.Build.0 = Debug|Any CPU
		{0D3E15F8-0B7C-4F30-BE0D-E07ECD34FF7C}.Debug|x64.ActiveCfg = Debug|Any CPU
		{0D3E15F8-0B7C-4F30-BE0D-E07ECD34FF7C}.Debug|x64.Build.0 = Debug|Any CPU
		{0D3E15F8-0B7C-4F30-BE0D-E07ECD34FF7C}.Debug|x86.ActiveCfg = Debug|Any CPU
		{0D3E15F8-0B7C-4F30-BE0D-E07ECD34FF7C}.Debug|x86.Build.0 = Debug|Any CPU
		{0D3E15F8-0B7C-4F30-BE0D-E07ECD34FF7C}.Release|Any CPU.ActiveCfg = Release|Any CPU
		{0D3E15F8-0B7C-4F30-BE0D-E07ECD34FF7C}.Release|Any CPU.Build.0 = Release|Any CPU
		{0D3E15F8-0B7C-4F30-BE0D-E07ECD34FF7C}.Release|x64.ActiveCfg = Release|Any CPU
		{0D3E15F8-0B7C-4F30-BE0D-E07ECD34FF7C}.Release|x64.Build.0 = Release|Any CPU
		{0D3E15F8-0B7C-4F30-BE0D-E07ECD34FF7C}.Release|x86.ActiveCfg = Release|Any CPU
		{0D3E15F8-0B7C-4F30-BE0D-E07ECD34FF7C}.Release|x86.Build.0 = Release|Any CPU
		{E6305905-89A8-4084-B7FD-8C6D3B89435A}.Debug|Any CPU.ActiveCfg = Debug|Any CPU
		{E6305905-89A8-4084-B7FD-8C6D3B89435A}.Debug|Any CPU.Build.0 = Debug|Any CPU
		{E6305905-89A8-4084-B7FD-8C6D3B89435A}.Debug|x64.ActiveCfg = Debug|Any CPU
		{E6305905-89A8-4084-B7FD-8C6D3B89435A}.Debug|x64.Build.0 = Debug|Any CPU
		{E6305905-89A8-4084-B7FD-8C6D3B89435A}.Debug|x86.ActiveCfg = Debug|Any CPU
		{E6305905-89A8-4084-B7FD-8C6D3B89435A}.Debug|x86.Build.0 = Debug|Any CPU
		{E6305905-89A8-4084-B7FD-8C6D3B89435A}.Release|Any CPU.ActiveCfg = Release|Any CPU
		{E6305905-89A8-4084-B7FD-8C6D3B89435A}.Release|Any CPU.Build.0 = Release|Any CPU
		{E6305905-89A8-4084-B7FD-8C6D3B89435A}.Release|x64.ActiveCfg = Release|Any CPU
		{E6305905-89A8-4084-B7FD-8C6D3B89435A}.Release|x64.Build.0 = Release|Any CPU
		{E6305905-89A8-4084-B7FD-8C6D3B89435A}.Release|x86.ActiveCfg = Release|Any CPU
		{E6305905-89A8-4084-B7FD-8C6D3B89435A}.Release|x86.Build.0 = Release|Any CPU
		{6C67EE02-5D12-4D04-AADC-B90395FC5731}.Debug|Any CPU.ActiveCfg = Debug|Any CPU
		{6C67EE02-5D12-4D04-AADC-B90395FC5731}.Debug|Any CPU.Build.0 = Debug|Any CPU
		{6C67EE02-5D12-4D04-AADC-B90395FC5731}.Debug|x64.ActiveCfg = Debug|Any CPU
		{6C67EE02-5D12-4D04-AADC-B90395FC5731}.Debug|x64.Build.0 = Debug|Any CPU
		{6C67EE02-5D12-4D04-AADC-B90395FC5731}.Debug|x86.ActiveCfg = Debug|Any CPU
		{6C67EE02-5D12-4D04-AADC-B90395FC5731}.Debug|x86.Build.0 = Debug|Any CPU
		{6C67EE02-5D12-4D04-AADC-B90395FC5731}.Release|Any CPU.ActiveCfg = Release|Any CPU
		{6C67EE02-5D12-4D04-AADC-B90395FC5731}.Release|Any CPU.Build.0 = Release|Any CPU
		{6C67EE02-5D12-4D04-AADC-B90395FC5731}.Release|x64.ActiveCfg = Release|Any CPU
		{6C67EE02-5D12-4D04-AADC-B90395FC5731}.Release|x64.Build.0 = Release|Any CPU
		{6C67EE02-5D12-4D04-AADC-B90395FC5731}.Release|x86.ActiveCfg = Release|Any CPU
		{6C67EE02-5D12-4D04-AADC-B90395FC5731}.Release|x86.Build.0 = Release|Any CPU
		{8F8C1BCC-4EAF-45CA-A3F2-14BDFD3DC930}.Debug|Any CPU.ActiveCfg = Debug|Any CPU
		{8F8C1BCC-4EAF-45CA-A3F2-14BDFD3DC930}.Debug|Any CPU.Build.0 = Debug|Any CPU
		{8F8C1BCC-4EAF-45CA-A3F2-14BDFD3DC930}.Debug|x64.ActiveCfg = Debug|Any CPU
		{8F8C1BCC-4EAF-45CA-A3F2-14BDFD3DC930}.Debug|x64.Build.0 = Debug|Any CPU
		{8F8C1BCC-4EAF-45CA-A3F2-14BDFD3DC930}.Debug|x86.ActiveCfg = Debug|Any CPU
		{8F8C1BCC-4EAF-45CA-A3F2-14BDFD3DC930}.Debug|x86.Build.0 = Debug|Any CPU
		{8F8C1BCC-4EAF-45CA-A3F2-14BDFD3DC930}.Release|Any CPU.ActiveCfg = Release|Any CPU
		{8F8C1BCC-4EAF-45CA-A3F2-14BDFD3DC930}.Release|Any CPU.Build.0 = Release|Any CPU
		{8F8C1BCC-4EAF-45CA-A3F2-14BDFD3DC930}.Release|x64.ActiveCfg = Release|Any CPU
		{8F8C1BCC-4EAF-45CA-A3F2-14BDFD3DC930}.Release|x64.Build.0 = Release|Any CPU
		{8F8C1BCC-4EAF-45CA-A3F2-14BDFD3DC930}.Release|x86.ActiveCfg = Release|Any CPU
		{8F8C1BCC-4EAF-45CA-A3F2-14BDFD3DC930}.Release|x86.Build.0 = Release|Any CPU
		{77B8AD5C-3410-42F1-9FAE-97F5A87A7EF1}.Debug|Any CPU.ActiveCfg = Debug|Any CPU
		{77B8AD5C-3410-42F1-9FAE-97F5A87A7EF1}.Debug|Any CPU.Build.0 = Debug|Any CPU
		{77B8AD5C-3410-42F1-9FAE-97F5A87A7EF1}.Debug|x64.ActiveCfg = Debug|Any CPU
		{77B8AD5C-3410-42F1-9FAE-97F5A87A7EF1}.Debug|x64.Build.0 = Debug|Any CPU
		{77B8AD5C-3410-42F1-9FAE-97F5A87A7EF1}.Debug|x86.ActiveCfg = Debug|Any CPU
		{77B8AD5C-3410-42F1-9FAE-97F5A87A7EF1}.Debug|x86.Build.0 = Debug|Any CPU
		{77B8AD5C-3410-42F1-9FAE-97F5A87A7EF1}.Release|Any CPU.ActiveCfg = Release|Any CPU
		{77B8AD5C-3410-42F1-9FAE-97F5A87A7EF1}.Release|Any CPU.Build.0 = Release|Any CPU
		{77B8AD5C-3410-42F1-9FAE-97F5A87A7EF1}.Release|x64.ActiveCfg = Release|Any CPU
		{77B8AD5C-3410-42F1-9FAE-97F5A87A7EF1}.Release|x64.Build.0 = Release|Any CPU
		{77B8AD5C-3410-42F1-9FAE-97F5A87A7EF1}.Release|x86.ActiveCfg = Release|Any CPU
		{77B8AD5C-3410-42F1-9FAE-97F5A87A7EF1}.Release|x86.Build.0 = Release|Any CPU
	EndGlobalSection
	GlobalSection(SolutionProperties) = preSolution
		HideSolutionNode = FALSE
	EndGlobalSection
	GlobalSection(ExtensibilityGlobals) = postSolution
		SolutionGuid = {2AA82D09-2699-45CD-83AB-A4924EA30B1C}
	EndGlobalSection
EndGlobal
